// !$*UTF8*$!
{
	archiveVersion = 1;
	classes = {
	};
	objectVersion = 77;
	objects = {

/* Begin PBXContainerItemProxy section */
		0E50324E2CD42D9300850522 /* PBXContainerItemProxy */ = {
			isa = PBXContainerItemProxy;
			containerPortal = 0E50322F2CD42D9100850522 /* Project object */;
			proxyType = 1;
			remoteGlobalIDString = 0E5032362CD42D9100850522;
			remoteInfo = ViewBindingUIKit;
		};
		0E5032582CD42D9300850522 /* PBXContainerItemProxy */ = {
			isa = PBXContainerItemProxy;
			containerPortal = 0E50322F2CD42D9100850522 /* Project object */;
			proxyType = 1;
			remoteGlobalIDString = 0E5032362CD42D9100850522;
			remoteInfo = ViewBindingUIKit;
		};
/* End PBXContainerItemProxy section */

/* Begin PBXFileReference section */
		0E5032372CD42D9100850522 /* ViewBindingUIKit.app */ = {isa = PBXFileReference; explicitFileType = wrapper.application; includeInIndex = 0; path = ViewBindingUIKit.app; sourceTree = BUILT_PRODUCTS_DIR; };
		0E50324D2CD42D9300850522 /* ViewBindingUIKitTests.xctest */ = {isa = PBXFileReference; explicitFileType = wrapper.cfbundle; includeInIndex = 0; path = ViewBindingUIKitTests.xctest; sourceTree = BUILT_PRODUCTS_DIR; };
		0E5032572CD42D9300850522 /* ViewBindingUIKitUITests.xctest */ = {isa = PBXFileReference; explicitFileType = wrapper.cfbundle; includeInIndex = 0; path = ViewBindingUIKitUITests.xctest; sourceTree = BUILT_PRODUCTS_DIR; };
/* End PBXFileReference section */

/* Begin PBXFileSystemSynchronizedBuildFileExceptionSet section */
		0E50325F2CD42D9300850522 /* Exceptions for "ViewBindingUIKit" folder in "ViewBindingUIKit" target */ = {
			isa = PBXFileSystemSynchronizedBuildFileExceptionSet;
			membershipExceptions = (
				Info.plist,
			);
			target = 0E5032362CD42D9100850522 /* ViewBindingUIKit */;
		};
/* End PBXFileSystemSynchronizedBuildFileExceptionSet section */

/* Begin PBXFileSystemSynchronizedRootGroup section */
		0E5032392CD42D9100850522 /* ViewBindingUIKit */ = {
			isa = PBXFileSystemSynchronizedRootGroup;
			exceptions = (
				0E50325F2CD42D9300850522 /* Exceptions for "ViewBindingUIKit" folder in "ViewBindingUIKit" target */,
			);
			path = ViewBindingUIKit;
			sourceTree = "<group>";
		};
		0E5032502CD42D9300850522 /* ViewBindingUIKitTests */ = {
			isa = PBXFileSystemSynchronizedRootGroup;
			path = ViewBindingUIKitTests;
			sourceTree = "<group>";
		};
		0E50325A2CD42D9300850522 /* ViewBindingUIKitUITests */ = {
			isa = PBXFileSystemSynchronizedRootGroup;
			path = ViewBindingUIKitUITests;
			sourceTree = "<group>";
		};
/* End PBXFileSystemSynchronizedRootGroup section */

/* Begin PBXFrameworksBuildPhase section */
		0E5032342CD42D9100850522 /* Frameworks */ = {
			isa = PBXFrameworksBuildPhase;
			buildActionMask = 2147483647;
			files = (
			);
			runOnlyForDeploymentPostprocessing = 0;
		};
		0E50324A2CD42D9300850522 /* Frameworks */ = {
			isa = PBXFrameworksBuildPhase;
			buildActionMask = 2147483647;
			files = (
			);
			runOnlyForDeploymentPostprocessing = 0;
		};
		0E5032542CD42D9300850522 /* Frameworks */ = {
			isa = PBXFrameworksBuildPhase;
			buildActionMask = 2147483647;
			files = (
			);
			runOnlyForDeploymentPostprocessing = 0;
		};
/* End PBXFrameworksBuildPhase section */

/* Begin PBXGroup section */
		0E50322E2CD42D9100850522 = {
			isa = PBXGroup;
			children = (
				0E5032392CD42D9100850522 /* ViewBindingUIKit */,
				0E5032502CD42D9300850522 /* ViewBindingUIKitTests */,
				0E50325A2CD42D9300850522 /* ViewBindingUIKitUITests */,
				0E5032382CD42D9100850522 /* Products */,
			);
			sourceTree = "<group>";
		};
		0E5032382CD42D9100850522 /* Products */ = {
			isa = PBXGroup;
			children = (
				0E5032372CD42D9100850522 /* ViewBindingUIKit.app */,
				0E50324D2CD42D9300850522 /* ViewBindingUIKitTests.xctest */,
				0E5032572CD42D9300850522 /* ViewBindingUIKitUITests.xctest */,
			);
			name = Products;
			sourceTree = "<group>";
		};
/* End PBXGroup section */

/* Begin PBXNativeTarget section */
		0E5032362CD42D9100850522 /* ViewBindingUIKit */ = {
			isa = PBXNativeTarget;
			buildConfigurationList = 0E5032602CD42D9300850522 /* Build configuration list for PBXNativeTarget "ViewBindingUIKit" */;
			buildPhases = (
				0E5032332CD42D9100850522 /* Sources */,
				0E5032342CD42D9100850522 /* Frameworks */,
				0E5032352CD42D9100850522 /* Resources */,
			);
			buildRules = (
			);
			dependencies = (
			);
			fileSystemSynchronizedGroups = (
				0E5032392CD42D9100850522 /* ViewBindingUIKit */,
			);
			name = ViewBindingUIKit;
			packageProductDependencies = (
			);
			productName = ViewBindingUIKit;
			productReference = 0E5032372CD42D9100850522 /* ViewBindingUIKit.app */;
			productType = "com.apple.product-type.application";
		};
		0E50324C2CD42D9300850522 /* ViewBindingUIKitTests */ = {
			isa = PBXNativeTarget;
			buildConfigurationList = 0E5032652CD42D9300850522 /* Build configuration list for PBXNativeTarget "ViewBindingUIKitTests" */;
			buildPhases = (
				0E5032492CD42D9300850522 /* Sources */,
				0E50324A2CD42D9300850522 /* Frameworks */,
				0E50324B2CD42D9300850522 /* Resources */,
			);
			buildRules = (
			);
			dependencies = (
				0E50324F2CD42D9300850522 /* PBXTargetDependency */,
			);
			fileSystemSynchronizedGroups = (
				0E5032502CD42D9300850522 /* ViewBindingUIKitTests */,
			);
			name = ViewBindingUIKitTests;
			packageProductDependencies = (
			);
			productName = ViewBindingUIKitTests;
			productReference = 0E50324D2CD42D9300850522 /* ViewBindingUIKitTests.xctest */;
			productType = "com.apple.product-type.bundle.unit-test";
		};
		0E5032562CD42D9300850522 /* ViewBindingUIKitUITests */ = {
			isa = PBXNativeTarget;
			buildConfigurationList = 0E5032682CD42D9300850522 /* Build configuration list for PBXNativeTarget "ViewBindingUIKitUITests" */;
			buildPhases = (
				0E5032532CD42D9300850522 /* Sources */,
				0E5032542CD42D9300850522 /* Frameworks */,
				0E5032552CD42D9300850522 /* Resources */,
			);
			buildRules = (
			);
			dependencies = (
				0E5032592CD42D9300850522 /* PBXTargetDependency */,
			);
			fileSystemSynchronizedGroups = (
				0E50325A2CD42D9300850522 /* ViewBindingUIKitUITests */,
			);
			name = ViewBindingUIKitUITests;
			packageProductDependencies = (
			);
			productName = ViewBindingUIKitUITests;
			productReference = 0E5032572CD42D9300850522 /* ViewBindingUIKitUITests.xctest */;
			productType = "com.apple.product-type.bundle.ui-testing";
		};
/* End PBXNativeTarget section */

/* Begin PBXProject section */
		0E50322F2CD42D9100850522 /* Project object */ = {
			isa = PBXProject;
			attributes = {
				BuildIndependentTargetsInParallel = 1;
				LastSwiftUpdateCheck = 1610;
				LastUpgradeCheck = 1610;
				TargetAttributes = {
					0E5032362CD42D9100850522 = {
						CreatedOnToolsVersion = 16.1;
					};
					0E50324C2CD42D9300850522 = {
						CreatedOnToolsVersion = 16.1;
						TestTargetID = 0E5032362CD42D9100850522;
					};
					0E5032562CD42D9300850522 = {
						CreatedOnToolsVersion = 16.1;
						TestTargetID = 0E5032362CD42D9100850522;
					};
				};
			};
			buildConfigurationList = 0E5032322CD42D9100850522 /* Build configuration list for PBXProject "ViewBindingUIKit" */;
			developmentRegion = en;
			hasScannedForEncodings = 0;
			knownRegions = (
				en,
				Base,
			);
			mainGroup = 0E50322E2CD42D9100850522;
			minimizedProjectReferenceProxies = 1;
			preferredProjectObjectVersion = 77;
			productRefGroup = 0E5032382CD42D9100850522 /* Products */;
			projectDirPath = "";
			projectRoot = "";
			targets = (
				0E5032362CD42D9100850522 /* ViewBindingUIKit */,
				0E50324C2CD42D9300850522 /* ViewBindingUIKitTests */,
				0E5032562CD42D9300850522 /* ViewBindingUIKitUITests */,
			);
		};
/* End PBXProject section */

/* Begin PBXResourcesBuildPhase section */
		0E5032352CD42D9100850522 /* Resources */ = {
			isa = PBXResourcesBuildPhase;
			buildActionMask = 2147483647;
			files = (
			);
			runOnlyForDeploymentPostprocessing = 0;
		};
		0E50324B2CD42D9300850522 /* Resources */ = {
			isa = PBXResourcesBuildPhase;
			buildActionMask = 2147483647;
			files = (
			);
			runOnlyForDeploymentPostprocessing = 0;
		};
		0E5032552CD42D9300850522 /* Resources */ = {
			isa = PBXResourcesBuildPhase;
			buildActionMask = 2147483647;
			files = (
			);
			runOnlyForDeploymentPostprocessing = 0;
		};
/* End PBXResourcesBuildPhase section */

/* Begin PBXSourcesBuildPhase section */
		0E5032332CD42D9100850522 /* Sources */ = {
			isa = PBXSourcesBuildPhase;
			buildActionMask = 2147483647;
			files = (
			);
			runOnlyForDeploymentPostprocessing = 0;
		};
		0E5032492CD42D9300850522 /* Sources */ = {
			isa = PBXSourcesBuildPhase;
			buildActionMask = 2147483647;
			files = (
			);
			runOnlyForDeploymentPostprocessing = 0;
		};
		0E5032532CD42D9300850522 /* Sources */ = {
			isa = PBXSourcesBuildPhase;
			buildActionMask = 2147483647;
			files = (
			);
			runOnlyForDeploymentPostprocessing = 0;
		};
/* End PBXSourcesBuildPhase section */

/* Begin PBXTargetDependency section */
		0E50324F2CD42D9300850522 /* PBXTargetDependency */ = {
			isa = PBXTargetDependency;
			target = 0E5032362CD42D9100850522 /* ViewBindingUIKit */;
			targetProxy = 0E50324E2CD42D9300850522 /* PBXContainerItemProxy */;
		};
		0E5032592CD42D9300850522 /* PBXTargetDependency */ = {
			isa = PBXTargetDependency;
			target = 0E5032362CD42D9100850522 /* ViewBindingUIKit */;
			targetProxy = 0E5032582CD42D9300850522 /* PBXContainerItemProxy */;
		};
/* End PBXTargetDependency section */

/* Begin XCBuildConfiguration section */
		0E5032612CD42D9300850522 /* Debug */ = {
			isa = XCBuildConfiguration;
			buildSettings = {
				ASSETCATALOG_COMPILER_APPICON_NAME = AppIcon;
				ASSETCATALOG_COMPILER_GLOBAL_ACCENT_COLOR_NAME = AccentColor;
				CODE_SIGN_STYLE = Automatic;
				CURRENT_PROJECT_VERSION = 1;
				GENERATE_INFOPLIST_FILE = YES;
				INFOPLIST_FILE = ViewBindingUIKit/Info.plist;
				INFOPLIST_KEY_UIApplicationSupportsIndirectInputEvents = YES;
				INFOPLIST_KEY_UILaunchStoryboardName = LaunchScreen;
				INFOPLIST_KEY_UIMainStoryboardFile = Main;
				INFOPLIST_KEY_UISupportedInterfaceOrientations_iPad = "UIInterfaceOrientationPortrait UIInterfaceOrientationPortraitUpsideDown UIInterfaceOrientationLandscapeLeft UIInterfaceOrientationLandscapeRight";
				INFOPLIST_KEY_UISupportedInterfaceOrientations_iPhone = "UIInterfaceOrientationPortrait UIInterfaceOrientationLandscapeLeft UIInterfaceOrientationLandscapeRight";
				LD_RUNPATH_SEARCH_PATHS = (
					"$(inherited)",
					"@executable_path/Frameworks",
				);
				MARKETING_VERSION = 1.0;
				PRODUCT_BUNDLE_IDENTIFIER = com.example.ViewBindingUIKit;
				PRODUCT_NAME = "$(TARGET_NAME)";
				SWIFT_EMIT_LOC_STRINGS = YES;
				SWIFT_VERSION = 5.0;
				TARGETED_DEVICE_FAMILY = "1,2";
			};
			name = Debug;
		};
		0E5032622CD42D9300850522 /* Release */ = {
			isa = XCBuildConfiguration;
			buildSettings = {
				ASSETCATALOG_COMPILER_APPICON_NAME = AppIcon;
				ASSETCATALOG_COMPILER_GLOBAL_ACCENT_COLOR_NAME = AccentColor;
				CODE_SIGN_STYLE = Automatic;
				CURRENT_PROJECT_VERSION = 1;
				GENERATE_INFOPLIST_FILE = YES;
				INFOPLIST_FILE = ViewBindingUIKit/Info.plist;
				INFOPLIST_KEY_UIApplicationSupportsIndirectInputEvents = YES;
				INFOPLIST_KEY_UILaunchStoryboardName = LaunchScreen;
				INFOPLIST_KEY_UIMainStoryboardFile = Main;
				INFOPLIST_KEY_UISupportedInterfaceOrientations_iPad = "UIInterfaceOrientationPortrait UIInterfaceOrientationPortraitUpsideDown UIInterfaceOrientationLandscapeLeft UIInterfaceOrientationLandscapeRight";
				INFOPLIST_KEY_UISupportedInterfaceOrientations_iPhone = "UIInterfaceOrientationPortrait UIInterfaceOrientationLandscapeLeft UIInterfaceOrientationLandscapeRight";
				LD_RUNPATH_SEARCH_PATHS = (
					"$(inherited)",
					"@executable_path/Frameworks",
				);
				MARKETING_VERSION = 1.0;
				PRODUCT_BUNDLE_IDENTIFIER = com.example.ViewBindingUIKit;
				PRODUCT_NAME = "$(TARGET_NAME)";
				SWIFT_EMIT_LOC_STRINGS = YES;
				SWIFT_VERSION = 5.0;
				TARGETED_DEVICE_FAMILY = "1,2";
			};
			name = Release;
		};
		0E5032632CD42D9300850522 /* Debug */ = {
			isa = XCBuildConfiguration;
			buildSettings = {
				ALWAYS_SEARCH_USER_PATHS = NO;
				ASSETCATALOG_COMPILER_GENERATE_SWIFT_ASSET_SYMBOL_EXTENSIONS = YES;
				CLANG_ANALYZER_NONNULL = YES;
				CLANG_ANALYZER_NUMBER_OBJECT_CONVERSION = YES_AGGRESSIVE;
				CLANG_CXX_LANGUAGE_STANDARD = "gnu++20";
				CLANG_ENABLE_MODULES = YES;
				CLANG_ENABLE_OBJC_ARC = YES;
				CLANG_ENABLE_OBJC_WEAK = YES;
				CLANG_WARN_BLOCK_CAPTURE_AUTORELEASING = YES;
				CLANG_WARN_BOOL_CONVERSION = YES;
				CLANG_WARN_COMMA = YES;
				CLANG_WARN_CONSTANT_CONVERSION = YES;
				CLANG_WARN_DEPRECATED_OBJC_IMPLEMENTATIONS = YES;
				CLANG_WARN_DIRECT_OBJC_ISA_USAGE = YES_ERROR;
				CLANG_WARN_DOCUMENTATION_COMMENTS = YES;
				CLANG_WARN_EMPTY_BODY = YES;
				CLANG_WARN_ENUM_CONVERSION = YES;
				CLANG_WARN_INFINITE_RECURSION = YES;
				CLANG_WARN_INT_CONVERSION = YES;
				CLANG_WARN_NON_LITERAL_NULL_CONVERSION = YES;
				CLANG_WARN_OBJC_IMPLICIT_RETAIN_SELF = YES;
				CLANG_WARN_OBJC_LITERAL_CONVERSION = YES;
				CLANG_WARN_OBJC_ROOT_CLASS = YES_ERROR;
				CLANG_WARN_QUOTED_INCLUDE_IN_FRAMEWORK_HEADER = YES;
				CLANG_WARN_RANGE_LOOP_ANALYSIS = YES;
				CLANG_WARN_STRICT_PROTOTYPES = YES;
				CLANG_WARN_SUSPICIOUS_MOVE = YES;
				CLANG_WARN_UNGUARDED_AVAILABILITY = YES_AGGRESSIVE;
				CLANG_WARN_UNREACHABLE_CODE = YES;
				CLANG_WARN__DUPLICATE_METHOD_MATCH = YES;
				COPY_PHASE_STRIP = NO;
				DEBUG_INFORMATION_FORMAT = dwarf;
				ENABLE_STRICT_OBJC_MSGSEND = YES;
				ENABLE_TESTABILITY = YES;
				ENABLE_USER_SCRIPT_SANDBOXING = YES;
				GCC_C_LANGUAGE_STANDARD = gnu17;
				GCC_DYNAMIC_NO_PIC = NO;
				GCC_NO_COMMON_BLOCKS = YES;
				GCC_OPTIMIZATION_LEVEL = 0;
				GCC_PREPROCESSOR_DEFINITIONS = (
					"DEBUG=1",
					"$(inherited)",
				);
				GCC_WARN_64_TO_32_BIT_CONVERSION = YES;
				GCC_WARN_ABOUT_RETURN_TYPE = YES_ERROR;
				GCC_WARN_UNDECLARED_SELECTOR = YES;
				GCC_WARN_UNINITIALIZED_AUTOS = YES_AGGRESSIVE;
				GCC_WARN_UNUSED_FUNCTION = YES;
				GCC_WARN_UNUSED_VARIABLE = YES;
				IPHONEOS_DEPLOYMENT_TARGET = 18.1;
				LOCALIZATION_PREFERS_STRING_CATALOGS = YES;
				MTL_ENABLE_DEBUG_INFO = INCLUDE_SOURCE;
				MTL_FAST_MATH = YES;
				ONLY_ACTIVE_ARCH = YES;
				SDKROOT = iphoneos;
				SWIFT_ACTIVE_COMPILATION_CONDITIONS = "DEBUG $(inherited)";
				SWIFT_OPTIMIZATION_LEVEL = "-Onone";
			};
			name = Debug;
		};
		0E5032642CD42D9300850522 /* Release */ = {
			isa = XCBuildConfiguration;
			buildSettings = {
				ALWAYS_SEARCH_USER_PATHS = NO;
				ASSETCATALOG_COMPILER_GENERATE_SWIFT_ASSET_SYMBOL_EXTENSIONS = YES;
				CLANG_ANALYZER_NONNULL = YES;
				CLANG_ANALYZER_NUMBER_OBJECT_CONVERSION = YES_AGGRESSIVE;
				CLANG_CXX_LANGUAGE_STANDARD = "gnu++20";
				CLANG_ENABLE_MODULES = YES;
				CLANG_ENABLE_OBJC_ARC = YES;
				CLANG_ENABLE_OBJC_WEAK = YES;
				CLANG_WARN_BLOCK_CAPTURE_AUTORELEASING = YES;
				CLANG_WARN_BOOL_CONVERSION = YES;
				CLANG_WARN_COMMA = YES;
				CLANG_WARN_CONSTANT_CONVERSION = YES;
				CLANG_WARN_DEPRECATED_OBJC_IMPLEMENTATIONS = YES;
				CLANG_WARN_DIRECT_OBJC_ISA_USAGE = YES_ERROR;
				CLANG_WARN_DOCUMENTATION_COMMENTS = YES;
				CLANG_WARN_EMPTY_BODY = YES;
				CLANG_WARN_ENUM_CONVERSION = YES;
				CLANG_WARN_INFINITE_RECURSION = YES;
				CLANG_WARN_INT_CONVERSION = YES;
				CLANG_WARN_NON_LITERAL_NULL_CONVERSION = YES;
				CLANG_WARN_OBJC_IMPLICIT_RETAIN_SELF = YES;
				CLANG_WARN_OBJC_LITERAL_CONVERSION = YES;
				CLANG_WARN_OBJC_ROOT_CLASS = YES_ERROR;
				CLANG_WARN_QUOTED_INCLUDE_IN_FRAMEWORK_HEADER = YES;
				CLANG_WARN_RANGE_LOOP_ANALYSIS = YES;
				CLANG_WARN_STRICT_PROTOTYPES = YES;
				CLANG_WARN_SUSPICIOUS_MOVE = YES;
				CLANG_WARN_UNGUARDED_AVAILABILITY = YES_AGGRESSIVE;
				CLANG_WARN_UNREACHABLE_CODE = YES;
				CLANG_WARN__DUPLICATE_METHOD_MATCH = YES;
				COPY_PHASE_STRIP = NO;
				DEBUG_INFORMATION_FORMAT = "dwarf-with-dsym";
				ENABLE_NS_ASSERTIONS = NO;
				ENABLE_STRICT_OBJC_MSGSEND = YES;
				ENABLE_USER_SCRIPT_SANDBOXING = YES;
				GCC_C_LANGUAGE_STANDARD = gnu17;
				GCC_NO_COMMON_BLOCKS = YES;
				GCC_WARN_64_TO_32_BIT_CONVERSION = YES;
				GCC_WARN_ABOUT_RETURN_TYPE = YES_ERROR;
				GCC_WARN_UNDECLARED_SELECTOR = YES;
				GCC_WARN_UNINITIALIZED_AUTOS = YES_AGGRESSIVE;
				GCC_WARN_UNUSED_FUNCTION = YES;
				GCC_WARN_UNUSED_VARIABLE = YES;
				IPHONEOS_DEPLOYMENT_TARGET = 18.1;
				LOCALIZATION_PREFERS_STRING_CATALOGS = YES;
				MTL_ENABLE_DEBUG_INFO = NO;
				MTL_FAST_MATH = YES;
				SDKROOT = iphoneos;
				SWIFT_COMPILATION_MODE = wholemodule;
				VALIDATE_PRODUCT = YES;
			};
			name = Release;
		};
		0E5032662CD42D9300850522 /* Debug */ = {
			isa = XCBuildConfiguration;
			buildSettings = {
				BUNDLE_LOADER = "$(TEST_HOST)";
				CODE_SIGN_STYLE = Automatic;
				CURRENT_PROJECT_VERSION = 1;
				GENERATE_INFOPLIST_FILE = YES;
				IPHONEOS_DEPLOYMENT_TARGET = 18.1;
				MARKETING_VERSION = 1.0;
				PRODUCT_BUNDLE_IDENTIFIER = com.example.ViewBindingUIKitTests;
				PRODUCT_NAME = "$(TARGET_NAME)";
				SWIFT_EMIT_LOC_STRINGS = NO;
				SWIFT_VERSION = 5.0;
				TARGETED_DEVICE_FAMILY = "1,2";
				TEST_HOST = "$(BUILT_PRODUCTS_DIR)/ViewBindingUIKit.app/$(BUNDLE_EXECUTABLE_FOLDER_PATH)/ViewBindingUIKit";
			};
			name = Debug;
		};
		0E5032672CD42D9300850522 /* Release */ = {
			isa = XCBuildConfiguration;
			buildSettings = {
				BUNDLE_LOADER = "$(TEST_HOST)";
				CODE_SIGN_STYLE = Automatic;
				CURRENT_PROJECT_VERSION = 1;
				GENERATE_INFOPLIST_FILE = YES;
				IPHONEOS_DEPLOYMENT_TARGET = 18.1;
				MARKETING_VERSION = 1.0;
				PRODUCT_BUNDLE_IDENTIFIER = com.example.ViewBindingUIKitTests;
				PRODUCT_NAME = "$(TARGET_NAME)";
				SWIFT_EMIT_LOC_STRINGS = NO;
				SWIFT_VERSION = 5.0;
				TARGETED_DEVICE_FAMILY = "1,2";
				TEST_HOST = "$(BUILT_PRODUCTS_DIR)/ViewBindingUIKit.app/$(BUNDLE_EXECUTABLE_FOLDER_PATH)/ViewBindingUIKit";
			};
			name = Release;
		};
		0E5032692CD42D9300850522 /* Debug */ = {
			isa = XCBuildConfiguration;
			buildSettings = {
				CODE_SIGN_STYLE = Automatic;
				CURRENT_PROJECT_VERSION = 1;
				GENERATE_INFOPLIST_FILE = YES;
				MARKETING_VERSION = 1.0;
				PRODUCT_BUNDLE_IDENTIFIER = com.example.ViewBindingUIKitUITests;
				PRODUCT_NAME = "$(TARGET_NAME)";
				SWIFT_EMIT_LOC_STRINGS = NO;
				SWIFT_VERSION = 5.0;
				TARGETED_DEVICE_FAMILY = "1,2";
				TEST_TARGET_NAME = ViewBindingUIKit;
			};
			name = Debug;
		};
		0E50326A2CD42D9300850522 /* Release */ = {
			isa = XCBuildConfiguration;
			buildSettings = {
				CODE_SIGN_STYLE = Automatic;
				CURRENT_PROJECT_VERSION = 1;
				GENERATE_INFOPLIST_FILE = YES;
				MARKETING_VERSION = 1.0;
				PRODUCT_BUNDLE_IDENTIFIER = com.example.ViewBindingUIKitUITests;
				PRODUCT_NAME = "$(TARGET_NAME)";
				SWIFT_EMIT_LOC_STRINGS = NO;
				SWIFT_VERSION = 5.0;
				TARGETED_DEVICE_FAMILY = "1,2";
				TEST_TARGET_NAME = ViewBindingUIKit;
			};
			name = Release;
		};
/* End XCBuildConfiguration section */

/* Begin XCConfigurationList section */
		0E5032322CD42D9100850522 /* Build configuration list for PBXProject "ViewBindingUIKit" */ = {
			isa = XCConfigurationList;
			buildConfigurations = (
				0E5032632CD42D9300850522 /* Debug */,
				0E5032642CD42D9300850522 /* Release */,
			);
			defaultConfigurationIsVisible = 0;
			defaultConfigurationName = Release;
		};
		0E5032602CD42D9300850522 /* Build configuration list for PBXNativeTarget "ViewBindingUIKit" */ = {
			isa = XCConfigurationList;
			buildConfigurations = (
				0E5032612CD42D9300850522 /* Debug */,
				0E5032622CD42D9300850522 /* Release */,
			);
			defaultConfigurationIsVisible = 0;
			defaultConfigurationName = Release;
		};
		0E5032652CD42D9300850522 /* Build configuration list for PBXNativeTarget "ViewBindingUIKitTests" */ = {
			isa = XCConfigurationList;
			buildConfigurations = (
				0E5032662CD42D9300850522 /* Debug */,
				0E5032672CD42D9300850522 /* Release */,
			);
			defaultConfigurationIsVisible = 0;
			defaultConfigurationName = Release;
		};
		0E5032682CD42D9300850522 /* Build configuration list for PBXNativeTarget "ViewBindingUIKitUITests" */ = {
			isa = XCConfigurationList;
			buildConfigurations = (
				0E5032692CD42D9300850522 /* Debug */,
				0E50326A2CD42D9300850522 /* Release */,
			);
			defaultConfigurationIsVisible = 0;
			defaultConfigurationName = Release;
		};
/* End XCConfigurationList section */
	};
	rootObject = 0E50322F2CD42D9100850522 /* Project object */;
}
